
Microsoft Visual Studio Solution File, Format Version 12.00
# Visual Studio Version 16
VisualStudioVersion = 16.0.31112.23
MinimumVisualStudioVersion = 10.0.40219.1
Project("{8BC9CEB8-8B4A-11D0-8D11-00A0C91BC942}") = "C++", "C++.vcxproj", "{A44F7452-59E3-4DCC-940F-E2D6FF8274EA}"
EndProject
Global
	GlobalSection(SolutionConfigurationPlatforms) = preSolution
		Debug|x64 = Debug|x64
		Debug|x86 = Debug|x86
		Release|x64 = Release|x64
		Release|x86 = Release|x86
	EndGlobalSection
	GlobalSection(ProjectConfigurationPlatforms) = postSolution
		{A44F7452-59E3-4DCC-940F-E2D6FF8274EA}.Debug|x64.ActiveCfg = Debug|x64
		{A44F7452-59E3-4DCC-940F-E2D6FF8274EA}.Debug|x64.Build.0 = Debug|x64
		{A44F7452-59E3-4DCC-940F-E2D6FF8274EA}.Debug|x86.ActiveCfg = Debug|Win32
		{A44F7452-59E3-4DCC-940F-E2D6FF8274EA}.Debug|x86.Build.0 = Debug|Win32
		{A44F7452-59E3-4DCC-940F-E2D6FF8274EA}.Release|x64.ActiveCfg = Release|x64
		{A44F7452-59E3-4DCC-940F-E2D6FF8274EA}.Release|x64.Build.0 = Release|x64
		{A44F7452-59E3-4DCC-940F-E2D6FF8274EA}.Release|x86.ActiveCfg = Release|Win32
		{A44F7452-59E3-4DCC-940F-E2D6FF8274EA}.Release|x86.Build.0 = Release|Win32
	EndGlobalSection
	GlobalSection(SolutionProperties) = preSolution
		HideSolutionNode = FALSE
	EndGlobalSection
	GlobalSection(ExtensibilityGlobals) = postSolution
		SolutionGuid = {869BAB72-96CC-4530-9D64-A496F463733B}
	EndGlobalSection
EndGlobal
